{
  "name": "a3s-managed-srt-retirement-bridge",
  "version": "1.0.0",
  "lockfileVersion": 3,
  "requires": true,
  "packages": {
    "": {
      "name": "a3s-managed-srt-retirement-bridge",
      "version": "1.0.0",
      "dependencies": {
        "@anthropic-ai/sandbox-runtime": "0.0.0-a3s-retired"
      }
    },
    "node_modules/@anthropic-ai/sandbox-runtime": {
      "name": "@anthropic-ai/sandbox-runtime",
      "version": "0.0.0-a3s-retired",
      "bin": {
        "sandbox-runtime": "dist/cli.js"
      }
    }
  }
}
